
Microsoft Visual Studio Solution File, Format Version 12.00
# Visual Studio Version 16
VisualStudioVersion = 16.0.31424.327
MinimumVisualStudioVersion = 10.0.40219.1
Project("{FAE04EC0-301F-11D3-BF4B-00C04F79EFBC}") = "Question2WebAPI", "Question2WebAPI.csproj", "{C2478089-F271-45DE-A2C2-92402ED62C6B}"
EndProject
Project("{FAE04EC0-301F-11D3-BF4B-00C04F79EFBC}") = "Question2WebAPIUnitTests", "..\Question2WebAPIUnitTests\Question2WebAPIUnitTests.csproj", "{1A75875B-82CC-482D-921D-2611F7CEAF20}"
EndProject
Global
	GlobalSection(SolutionConfigurationPlatforms) = preSolution
		Debug|Any CPU = Debug|Any CPU
		Release|Any CPU = Release|Any CPU
	EndGlobalSection
	GlobalSection(ProjectConfigurationPlatforms) = postSolution
		{C2478089-F271-45DE-A2C2-92402ED62C6B}.Debug|Any CPU.ActiveCfg = Debug|Any CPU
		{C2478089-F271-45DE-A2C2-92402ED62C6B}.Debug|Any CPU.Build.0 = Debug|Any CPU
		{C2478089-F271-45DE-A2C2-92402ED62C6B}.Release|Any CPU.ActiveCfg = Release|Any CPU
		{C2478089-F271-45DE-A2C2-92402ED62C6B}.Release|Any CPU.Build.0 = Release|Any CPU
		{1A75875B-82CC-482D-921D-2611F7CEAF20}.Debug|Any CPU.ActiveCfg = Debug|Any CPU
		{1A75875B-82CC-482D-921D-2611F7CEAF20}.Debug|Any CPU.Build.0 = Debug|Any CPU
		{1A75875B-82CC-482D-921D-2611F7CEAF20}.Release|Any CPU.ActiveCfg = Release|Any CPU
		{1A75875B-82CC-482D-921D-2611F7CEAF20}.Release|Any CPU.Build.0 = Release|Any CPU
	EndGlobalSection
	GlobalSection(SolutionProperties) = preSolution
		HideSolutionNode = FALSE
	EndGlobalSection
	GlobalSection(ExtensibilityGlobals) = postSolution
		SolutionGuid = {ED4310B4-6C75-42A5-BFAD-09568BB58BDE}
	EndGlobalSection
EndGlobal
